
Microsoft Visual Studio Solution File, Format Version 12.00
# Visual Studio Version 16
VisualStudioVersion = 16.0.30413.136
MinimumVisualStudioVersion = 10.0.40219.1
Project("{FAE04EC0-301F-11D3-BF4B-00C04F79EFBC}") = "Exam Project 3", "Exam Project 3\Exam Project 3.csproj", "{0FAD15B1-9271-4CED-8B04-23D4ACE48374}"
EndProject
Global
	GlobalSection(SolutionConfigurationPlatforms) = preSolution
		Debug|Any CPU = Debug|Any CPU
		Release|Any CPU = Release|Any CPU
	EndGlobalSection
	GlobalSection(ProjectConfigurationPlatforms) = postSolution
		{0FAD15B1-9271-4CED-8B04-23D4ACE48374}.Debug|Any CPU.ActiveCfg = Debug|Any CPU
		{0FAD15B1-9271-4CED-8B04-23D4ACE48374}.Debug|Any CPU.Build.0 = Debug|Any CPU
		{0FAD15B1-9271-4CED-8B04-23D4ACE48374}.Release|Any CPU.ActiveCfg = Release|Any CPU
		{0FAD15B1-9271-4CED-8B04-23D4ACE48374}.Release|Any CPU.Build.0 = Release|Any CPU
	EndGlobalSection
	GlobalSection(SolutionProperties) = preSolution
		HideSolutionNode = FALSE
	EndGlobalSection
	GlobalSection(ExtensibilityGlobals) = postSolution
		SolutionGuid = {FB6A8325-8C73-48B8-AC49-88EFE90FDB46}
	EndGlobalSection
EndGlobal
